
Microsoft Visual Studio Solution File, Format Version 12.00
# Visual Studio Version 16
VisualStudioVersion = 16.0.29123.88
MinimumVisualStudioVersion = 10.0.40219.1
Project("{F184B08F-C81C-45F6-A57F-5ABD9991F28F}") = "Windows_Quiz", "Windows_Quiz.vbproj", "{4352BFB6-D8BA-4AB1-A080-629B18088993}"
EndProject
Global
	GlobalSection(SolutionConfigurationPlatforms) = preSolution
		Debug|Any CPU = Debug|Any CPU
		Release|Any CPU = Release|Any CPU
	EndGlobalSection
	GlobalSection(ProjectConfigurationPlatforms) = postSolution
		{4352BFB6-D8BA-4AB1-A080-629B18088993}.Debug|Any CPU.ActiveCfg = Debug|Any CPU
		{4352BFB6-D8BA-4AB1-A080-629B18088993}.Debug|Any CPU.Build.0 = Debug|Any CPU
		{4352BFB6-D8BA-4AB1-A080-629B18088993}.Release|Any CPU.ActiveCfg = Release|Any CPU
		{4352BFB6-D8BA-4AB1-A080-629B18088993}.Release|Any CPU.Build.0 = Release|Any CPU
	EndGlobalSection
	GlobalSection(SolutionProperties) = preSolution
		HideSolutionNode = FALSE
	EndGlobalSection
	GlobalSection(ExtensibilityGlobals) = postSolution
		SolutionGuid = {17206D53-A883-43CD-990B-D8110F54D3F6}
	EndGlobalSection
EndGlobal
